
Microsoft Visual Studio Solution File, Format Version 12.00
Project("{FAE04EC0-301F-11D3-BF4B-00C04F79EFBC}") = "CoinBackend", "CoinBackend\CoinBackend.csproj", "{531F80F2-B22D-49E5-AFE2-55E5731D9D4E}"
EndProject
Project("{FAE04EC0-301F-11D3-BF4B-00C04F79EFBC}") = "DemCoinCommons", "DemCoinCommons\DemCoinCommons.csproj", "{CF19178B-0C3B-4582-AB58-F061C97EF9E7}"
EndProject
Project("{FAE04EC0-301F-11D3-BF4B-00C04F79EFBC}") = "Miner", "Miner\Miner.csproj", "{16A5B613-2162-498C-B3BA-8AF73249404D}"
EndProject
Project("{FAE04EC0-301F-11D3-BF4B-00C04F79EFBC}") = "ConsoleWallet", "ConsoleWallet\ConsoleWallet.csproj", "{CA21226B-BCD7-4347-8920-FC62F76F4B7D}"
EndProject
Project("{FAE04EC0-301F-11D3-BF4B-00C04F79EFBC}") = "Testing", "Testing\Testing.csproj", "{EBF64C98-DADB-49E7-9BE6-67112A964019}"
EndProject
Project("{FAE04EC0-301F-11D3-BF4B-00C04F79EFBC}") = "DemCoinDiscord", "DemCoinDiscord\DemCoinDiscord.csproj", "{BC10F4C3-8A2A-4CC5-872C-3D6411AC5ED2}"
EndProject
Global
	GlobalSection(SolutionConfigurationPlatforms) = preSolution
		Debug|Any CPU = Debug|Any CPU
		Release|Any CPU = Release|Any CPU
	EndGlobalSection
	GlobalSection(ProjectConfigurationPlatforms) = postSolution
		{531F80F2-B22D-49E5-AFE2-55E5731D9D4E}.Debug|Any CPU.ActiveCfg = Debug|Any CPU
		{531F80F2-B22D-49E5-AFE2-55E5731D9D4E}.Debug|Any CPU.Build.0 = Debug|Any CPU
		{531F80F2-B22D-49E5-AFE2-55E5731D9D4E}.Release|Any CPU.ActiveCfg = Release|Any CPU
		{531F80F2-B22D-49E5-AFE2-55E5731D9D4E}.Release|Any CPU.Build.0 = Release|Any CPU
		{CF19178B-0C3B-4582-AB58-F061C97EF9E7}.Debug|Any CPU.ActiveCfg = Debug|Any CPU
		{CF19178B-0C3B-4582-AB58-F061C97EF9E7}.Debug|Any CPU.Build.0 = Debug|Any CPU
		{CF19178B-0C3B-4582-AB58-F061C97EF9E7}.Release|Any CPU.ActiveCfg = Release|Any CPU
		{CF19178B-0C3B-4582-AB58-F061C97EF9E7}.Release|Any CPU.Build.0 = Release|Any CPU
		{16A5B613-2162-498C-B3BA-8AF73249404D}.Debug|Any CPU.ActiveCfg = Debug|Any CPU
		{16A5B613-2162-498C-B3BA-8AF73249404D}.Debug|Any CPU.Build.0 = Debug|Any CPU
		{16A5B613-2162-498C-B3BA-8AF73249404D}.Release|Any CPU.ActiveCfg = Release|Any CPU
		{16A5B613-2162-498C-B3BA-8AF73249404D}.Release|Any CPU.Build.0 = Release|Any CPU
		{CA21226B-BCD7-4347-8920-FC62F76F4B7D}.Debug|Any CPU.ActiveCfg = Debug|Any CPU
		{CA21226B-BCD7-4347-8920-FC62F76F4B7D}.Debug|Any CPU.Build.0 = Debug|Any CPU
		{CA21226B-BCD7-4347-8920-FC62F76F4B7D}.Release|Any CPU.ActiveCfg = Release|Any CPU
		{CA21226B-BCD7-4347-8920-FC62F76F4B7D}.Release|Any CPU.Build.0 = Release|Any CPU
		{EBF64C98-DADB-49E7-9BE6-67112A964019}.Debug|Any CPU.ActiveCfg = Debug|Any CPU
		{EBF64C98-DADB-49E7-9BE6-67112A964019}.Debug|Any CPU.Build.0 = Debug|Any CPU
		{EBF64C98-DADB-49E7-9BE6-67112A964019}.Release|Any CPU.ActiveCfg = Release|Any CPU
		{EBF64C98-DADB-49E7-9BE6-67112A964019}.Release|Any CPU.Build.0 = Release|Any CPU
		{BC10F4C3-8A2A-4CC5-872C-3D6411AC5ED2}.Debug|Any CPU.ActiveCfg = Debug|Any CPU
		{BC10F4C3-8A2A-4CC5-872C-3D6411AC5ED2}.Debug|Any CPU.Build.0 = Debug|Any CPU
		{BC10F4C3-8A2A-4CC5-872C-3D6411AC5ED2}.Release|Any CPU.ActiveCfg = Release|Any CPU
		{BC10F4C3-8A2A-4CC5-872C-3D6411AC5ED2}.Release|Any CPU.Build.0 = Release|Any CPU
	EndGlobalSection
EndGlobal
